
Microsoft Visual Studio Solution File, Format Version 12.00
# Visual Studio Version 16
VisualStudioVersion = 16.0.29306.81
MinimumVisualStudioVersion = 10.0.40219.1
Project("{FAE04EC0-301F-11D3-BF4B-00C04F79EFBC}") = "AdjustStringProperty", "AdjustStringProperty\AdjustStringProperty.csproj", "{F731C519-05F4-428E-BF13-1E548EB8BE6B}"
EndProject
Global
	GlobalSection(SolutionConfigurationPlatforms) = preSolution
		Debug|Any CPU = Debug|Any CPU
		Release|Any CPU = Release|Any CPU
	EndGlobalSection
	GlobalSection(ProjectConfigurationPlatforms) = postSolution
		{F731C519-05F4-428E-BF13-1E548EB8BE6B}.Debug|Any CPU.ActiveCfg = Debug|Any CPU
		{F731C519-05F4-428E-BF13-1E548EB8BE6B}.Debug|Any CPU.Build.0 = Debug|Any CPU
		{F731C519-05F4-428E-BF13-1E548EB8BE6B}.Release|Any CPU.ActiveCfg = Release|Any CPU
		{F731C519-05F4-428E-BF13-1E548EB8BE6B}.Release|Any CPU.Build.0 = Release|Any CPU
	EndGlobalSection
	GlobalSection(SolutionProperties) = preSolution
		HideSolutionNode = FALSE
	EndGlobalSection
	GlobalSection(ExtensibilityGlobals) = postSolution
		SolutionGuid = {7EE7799D-22DF-4EBE-85E6-951B92EDE66D}
	EndGlobalSection
EndGlobal
